
Microsoft Visual Studio Solution File, Format Version 12.00
# Visual Studio Version 17
VisualStudioVersion = 17.12.35527.113
MinimumVisualStudioVersion = 10.0.40219.1
Project("{FAE04EC0-301F-11D3-BF4B-00C04F79EFBC}") = "TestingForge", "TestingForge\TestingForge.csproj", "{9D8B73F5-CB96-44F1-85B8-9DB3F055514C}"
EndProject
Project("{FAE04EC0-301F-11D3-BF4B-00C04F79EFBC}") = "DataForge", "DataForge\DataForge.csproj", "{372501FE-F301-4A51-92D3-9A98ACB3A0AE}"
EndProject
Project("{FAE04EC0-301F-11D3-BF4B-00C04F79EFBC}") = "LogicForge", "LogicForge\LogicForge.csproj", "{88D4D73D-617F-4C1E-8A0E-E9EEAC543287}"
EndProject
Global
	GlobalSection(SolutionConfigurationPlatforms) = preSolution
		Debug|Any CPU = Debug|Any CPU
		Release|Any CPU = Release|Any CPU
	EndGlobalSection
	GlobalSection(ProjectConfigurationPlatforms) = postSolution
		{9D8B73F5-CB96-44F1-85B8-9DB3F055514C}.Debug|Any CPU.ActiveCfg = Debug|Any CPU
		{9D8B73F5-CB96-44F1-85B8-9DB3F055514C}.Debug|Any CPU.Build.0 = Debug|Any CPU
		{9D8B73F5-CB96-44F1-85B8-9DB3F055514C}.Release|Any CPU.ActiveCfg = Release|Any CPU
		{9D8B73F5-CB96-44F1-85B8-9DB3F055514C}.Release|Any CPU.Build.0 = Release|Any CPU
		{372501FE-F301-4A51-92D3-9A98ACB3A0AE}.Debug|Any CPU.ActiveCfg = Debug|Any CPU
		{372501FE-F301-4A51-92D3-9A98ACB3A0AE}.Debug|Any CPU.Build.0 = Debug|Any CPU
		{372501FE-F301-4A51-92D3-9A98ACB3A0AE}.Release|Any CPU.ActiveCfg = Release|Any CPU
		{372501FE-F301-4A51-92D3-9A98ACB3A0AE}.Release|Any CPU.Build.0 = Release|Any CPU
		{88D4D73D-617F-4C1E-8A0E-E9EEAC543287}.Debug|Any CPU.ActiveCfg = Debug|Any CPU
		{88D4D73D-617F-4C1E-8A0E-E9EEAC543287}.Debug|Any CPU.Build.0 = Debug|Any CPU
		{88D4D73D-617F-4C1E-8A0E-E9EEAC543287}.Release|Any CPU.ActiveCfg = Release|Any CPU
		{88D4D73D-617F-4C1E-8A0E-E9EEAC543287}.Release|Any CPU.Build.0 = Release|Any CPU
	EndGlobalSection
	GlobalSection(SolutionProperties) = preSolution
		HideSolutionNode = FALSE
	EndGlobalSection
EndGlobal
